
Microsoft Visual Studio Solution File, Format Version 12.00
# Visual Studio Version 17
VisualStudioVersion = 17.7.34031.279
MinimumVisualStudioVersion = 10.0.40219.1
Project("{9A19103F-16F7-4668-BE54-9A1E7A4F7556}") = "Kafka.Dotnet.API", "Kafka.Dotnet.API\Kafka.Dotnet.API.csproj", "{9C240C20-99F0-4A08-94D0-772A70BEEFCB}"
EndProject
Project("{FAE04EC0-301F-11D3-BF4B-00C04F79EFBC}") = "Kafka.Dotnet.Consumer", "Kafka.Dotnet.Consumer\Kafka.Dotnet.Consumer.csproj", "{C355EA63-0CDB-4A6B-9F0A-D78DF5FF5707}"
EndProject
Global
	GlobalSection(SolutionConfigurationPlatforms) = preSolution
		Debug|Any CPU = Debug|Any CPU
		Release|Any CPU = Release|Any CPU
	EndGlobalSection
	GlobalSection(ProjectConfigurationPlatforms) = postSolution
		{9C240C20-99F0-4A08-94D0-772A70BEEFCB}.Debug|Any CPU.ActiveCfg = Debug|Any CPU
		{9C240C20-99F0-4A08-94D0-772A70BEEFCB}.Debug|Any CPU.Build.0 = Debug|Any CPU
		{9C240C20-99F0-4A08-94D0-772A70BEEFCB}.Release|Any CPU.ActiveCfg = Release|Any CPU
		{9C240C20-99F0-4A08-94D0-772A70BEEFCB}.Release|Any CPU.Build.0 = Release|Any CPU
		{C355EA63-0CDB-4A6B-9F0A-D78DF5FF5707}.Debug|Any CPU.ActiveCfg = Debug|Any CPU
		{C355EA63-0CDB-4A6B-9F0A-D78DF5FF5707}.Debug|Any CPU.Build.0 = Debug|Any CPU
		{C355EA63-0CDB-4A6B-9F0A-D78DF5FF5707}.Release|Any CPU.ActiveCfg = Release|Any CPU
		{C355EA63-0CDB-4A6B-9F0A-D78DF5FF5707}.Release|Any CPU.Build.0 = Release|Any CPU
	EndGlobalSection
	GlobalSection(SolutionProperties) = preSolution
		HideSolutionNode = FALSE
	EndGlobalSection
	GlobalSection(ExtensibilityGlobals) = postSolution
		SolutionGuid = {F307F189-F98A-431A-9B3C-42D279D9DD98}
	EndGlobalSection
EndGlobal
